# This file was autogenerated by Stack.
# You should not edit this file by hand.
# For more information, please see the documentation at:
#   https://docs.haskellstack.org/en/stable/lock_files

packages:
- completed:
    cabal-file:
      size: 2263
      sha256: b62cbe842800d5f07ee3c9ed3600bf7eb17dab2380ddcd2471ff83a19b459185
    name: jsonschema-gen
    version: 0.4.1.0
    git: https://github.com/cryptiumlabs/jsonschema-gen.git
    pantry-tree:
      size: 873
      sha256: 8610bcb77a390b74cacf7360b8b29a08f3fc241bab92a414653ffbd3d57dfd54
    commit: 0639cd166ec59a04d07a3a7d49bdf343e567000e
  original:
    git: https://github.com/cryptiumlabs/jsonschema-gen.git
    commit: 0639cd166ec59a04d07a3a7d49bdf343e567000e
snapshots:
- completed:
    size: 524786
    url: https://raw.githubusercontent.com/commercialhaskell/stackage-snapshots/master/lts/14/11.yaml
    sha256: 088bb91b545839510a41ae92fa5feb36779ef3529571a42bd12b9f51eb89ded3
  original: lts-14.11
